// !$*UTF8*$!
{
	archiveVersion = 1;
	classes = {
	};
	objectVersion = 46;
	objects = {

/* Begin PBXBuildFile section */
		18CD14B51CC0F0DA00A213F6 /* main.m in Sources */ = {isa = PBXBuildFile; fileRef = 18CD14B41CC0F0DA00A213F6 /* main.m */; };
		18CD14B81CC0F0DA00A213F6 /* AppDelegate.m in Sources */ = {isa = PBXBuildFile; fileRef = 18CD14B71CC0F0DA00A213F6 /* AppDelegate.m */; };
		18CD14BB1CC0F0DA00A213F6 /* ViewController.m in Sources */ = {isa = PBXBuildFile; fileRef = 18CD14BA1CC0F0DA00A213F6 /* ViewController.m */; };
		18CD14BE1CC0F0DA00A213F6 /* Main.storyboard in Resources */ = {isa = PBXBuildFile; fileRef = 18CD14BC1CC0F0DA00A213F6 /* Main.storyboard */; };
		18CD14C01CC0F0DA00A213F6 /* Assets.xcassets in Resources */ = {isa = PBXBuildFile; fileRef = 18CD14BF1CC0F0DA00A213F6 /* Assets.xcassets */; };
		18CD14C31CC0F0DA00A213F6 /* LaunchScreen.storyboard in Resources */ = {isa = PBXBuildFile; fileRef = 18CD14C11CC0F0DA00A213F6 /* LaunchScreen.storyboard */; };
		18CD14CE1CC0F0DB00A213F6 /* HelloWorldTests.m in Sources */ = {isa = PBXBuildFile; fileRef = 18CD14CD1CC0F0DB00A213F6 /* HelloWorldTests.m */; };
		18CD14D91CC0F0DB00A213F6 /* HelloWorldUITests.m in Sources */ = {isa = PBXBuildFile; fileRef = 18CD14D81CC0F0DB00A213F6 /* HelloWorldUITests.m */; };
		18CD14E91CC0F44400A213F6 /* LoginViewController.m in Sources */ = {isa = PBXBuildFile; fileRef = 18CD14E71CC0F44400A213F6 /* LoginViewController.m */; };
		18CD14EA1CC0F44400A213F6 /* LoginViewController.xib in Resources */ = {isa = PBXBuildFile; fileRef = 18CD14E81CC0F44400A213F6 /* LoginViewController.xib */; };
		18E400101CD1BABD00D04578 /* home_selected@2x.png in Resources */ = {isa = PBXBuildFile; fileRef = 18E400081CD1BABD00D04578 /* home_selected@2x.png */; };
		18E400111CD1BABD00D04578 /* home_selected@3x.png in Resources */ = {isa = PBXBuildFile; fileRef = 18E400091CD1BABD00D04578 /* home_selected@3x.png */; };
		18E400121CD1BABD00D04578 /* home@2x.png in Resources */ = {isa = PBXBuildFile; fileRef = 18E4000A1CD1BABD00D04578 /* home@2x.png */; };
		18E400131CD1BABD00D04578 /* home@3x.png in Resources */ = {isa = PBXBuildFile; fileRef = 18E4000B1CD1BABD00D04578 /* home@3x.png */; };
		18E400141CD1BABD00D04578 /* location_selected@2x.png in Resources */ = {isa = PBXBuildFile; fileRef = 18E4000C1CD1BABD00D04578 /* location_selected@2x.png */; };
		18E400151CD1BABD00D04578 /* location_selected@3x.png in Resources */ = {isa = PBXBuildFile; fileRef = 18E4000D1CD1BABD00D04578 /* location_selected@3x.png */; };
		18E400161CD1BABD00D04578 /* location@2x.png in Resources */ = {isa = PBXBuildFile; fileRef = 18E4000E1CD1BABD00D04578 /* location@2x.png */; };
		18E400171CD1BABD00D04578 /* location@3x.png in Resources */ = {isa = PBXBuildFile; fileRef = 18E4000F1CD1BABD00D04578 /* location@3x.png */; };
		18E4001E1CD1F3F400D04578 /* HomeTabViewController.m in Sources */ = {isa = PBXBuildFile; fileRef = 18E4001C1CD1F3F400D04578 /* HomeTabViewController.m */; };
		18E4001F1CD1F3F400D04578 /* HomeTabViewController.xib in Resources */ = {isa = PBXBuildFile; fileRef = 18E4001D1CD1F3F400D04578 /* HomeTabViewController.xib */; };
		18E400231CD1FCE700D04578 /* MeiDetailViewController.m in Sources */ = {isa = PBXBuildFile; fileRef = 18E400211CD1FCE700D04578 /* MeiDetailViewController.m */; };
		18E400241CD1FCE700D04578 /* MeiDetailViewController.xib in Resources */ = {isa = PBXBuildFile; fileRef = 18E400221CD1FCE700D04578 /* MeiDetailViewController.xib */; };
		18E4002B1CD2116300D04578 /* OtherViewController.m in Sources */ = {isa = PBXBuildFile; fileRef = 18E400291CD2116300D04578 /* OtherViewController.m */; };
		18E4002C1CD2116300D04578 /* OtherViewController.xib in Resources */ = {isa = PBXBuildFile; fileRef = 18E4002A1CD2116300D04578 /* OtherViewController.xib */; };
		18E400301CD219C900D04578 /* WelcomeViewController.m in Sources */ = {isa = PBXBuildFile; fileRef = 18E4002E1CD219C900D04578 /* WelcomeViewController.m */; };
		18E400311CD219C900D04578 /* WelcomeViewController.xib in Resources */ = {isa = PBXBuildFile; fileRef = 18E4002F1CD219C900D04578 /* WelcomeViewController.xib */; };
		18E400331CD21C0E00D04578 /* qq_luancher.jpeg in Resources */ = {isa = PBXBuildFile; fileRef = 18E400321CD21C0E00D04578 /* qq_luancher.jpeg */; };
		18E4FFE81CD0AE9300D04578 /* wel.jpg in Resources */ = {isa = PBXBuildFile; fileRef = 18E4FFE71CD0AE9300D04578 /* wel.jpg */; };
		18E4FFEC1CD0B1A700D04578 /* CarViewController.m in Sources */ = {isa = PBXBuildFile; fileRef = 18E4FFEA1CD0B1A700D04578 /* CarViewController.m */; };
		18E4FFED1CD0B1A700D04578 /* CarViewController.xib in Resources */ = {isa = PBXBuildFile; fileRef = 18E4FFEB1CD0B1A700D04578 /* CarViewController.xib */; };
		18E4FFF11CD0B1CC00D04578 /* MeiViewController.m in Sources */ = {isa = PBXBuildFile; fileRef = 18E4FFEF1CD0B1CC00D04578 /* MeiViewController.m */; };
		18E4FFF21CD0B1CC00D04578 /* MeiViewController.xib in Resources */ = {isa = PBXBuildFile; fileRef = 18E4FFF01CD0B1CC00D04578 /* MeiViewController.xib */; };
		18E4FFF61CD0CCE900D04578 /* CarDetailViewController.m in Sources */ = {isa = PBXBuildFile; fileRef = 18E4FFF41CD0CCE900D04578 /* CarDetailViewController.m */; };
		18E4FFF71CD0CCE900D04578 /* CarDetailViewController.xib in Resources */ = {isa = PBXBuildFile; fileRef = 18E4FFF51CD0CCE900D04578 /* CarDetailViewController.xib */; };
/* End PBXBuildFile section */

/* Begin PBXContainerItemProxy section */
		18CD14CA1CC0F0DB00A213F6 /* PBXContainerItemProxy */ = {
			isa = PBXContainerItemProxy;
			containerPortal = 18CD14A81CC0F0DA00A213F6 /* Project object */;
			proxyType = 1;
			remoteGlobalIDString = 18CD14AF1CC0F0DA00A213F6;
			remoteInfo = HelloWorld;
		};
		18CD14D51CC0F0DB00A213F6 /* PBXContainerItemProxy */ = {
			isa = PBXContainerItemProxy;
			containerPortal = 18CD14A81CC0F0DA00A213F6 /* Project object */;
			proxyType = 1;
			remoteGlobalIDString = 18CD14AF1CC0F0DA00A213F6;
			remoteInfo = HelloWorld;
		};
/* End PBXContainerItemProxy section */

/* Begin PBXFileReference section */
		18CD14B01CC0F0DA00A213F6 /* HelloWorld.app */ = {isa = PBXFileReference; explicitFileType = wrapper.application; includeInIndex = 0; path = HelloWorld.app; sourceTree = BUILT_PRODUCTS_DIR; };
		18CD14B41CC0F0DA00A213F6 /* main.m */ = {isa = PBXFileReference; lastKnownFileType = sourcecode.c.objc; path = main.m; sourceTree = "<group>"; };
		18CD14B61CC0F0DA00A213F6 /* AppDelegate.h */ = {isa = PBXFileReference; lastKnownFileType = sourcecode.c.h; path = AppDelegate.h; sourceTree = "<group>"; };
		18CD14B71CC0F0DA00A213F6 /* AppDelegate.m */ = {isa = PBXFileReference; lastKnownFileType = sourcecode.c.objc; path = AppDelegate.m; sourceTree = "<group>"; };
		18CD14B91CC0F0DA00A213F6 /* ViewController.h */ = {isa = PBXFileReference; lastKnownFileType = sourcecode.c.h; path = ViewController.h; sourceTree = "<group>"; };
		18CD14BA1CC0F0DA00A213F6 /* ViewController.m */ = {isa = PBXFileReference; lastKnownFileType = sourcecode.c.objc; path = ViewController.m; sourceTree = "<group>"; };
		18CD14BD1CC0F0DA00A213F6 /* Base */ = {isa = PBXFileReference; lastKnownFileType = file.storyboard; name = Base; path = Base.lproj/Main.storyboard; sourceTree = "<group>"; };
		18CD14BF1CC0F0DA00A213F6 /* Assets.xcassets */ = {isa = PBXFileReference; lastKnownFileType = folder.assetcatalog; path = Assets.xcassets; sourceTree = "<group>"; };
		18CD14C21CC0F0DA00A213F6 /* Base */ = {isa = PBXFileReference; lastKnownFileType = file.storyboard; name = Base; path = Base.lproj/LaunchScreen.storyboard; sourceTree = "<group>"; };
		18CD14C41CC0F0DA00A213F6 /* Info.plist */ = {isa = PBXFileReference; lastKnownFileType = text.plist.xml; path = Info.plist; sourceTree = "<group>"; };
		18CD14C91CC0F0DB00A213F6 /* HelloWorldTests.xctest */ = {isa = PBXFileReference; explicitFileType = wrapper.cfbundle; includeInIndex = 0; path = HelloWorldTests.xctest; sourceTree = BUILT_PRODUCTS_DIR; };
		18CD14CD1CC0F0DB00A213F6 /* HelloWorldTests.m */ = {isa = PBXFileReference; lastKnownFileType = sourcecode.c.objc; path = HelloWorldTests.m; sourceTree = "<group>"; };
		18CD14CF1CC0F0DB00A213F6 /* Info.plist */ = {isa = PBXFileReference; lastKnownFileType = text.plist.xml; path = Info.plist; sourceTree = "<group>"; };
		18CD14D41CC0F0DB00A213F6 /* HelloWorldUITests.xctest */ = {isa = PBXFileReference; explicitFileType = wrapper.cfbundle; includeInIndex = 0; path = HelloWorldUITests.xctest; sourceTree = BUILT_PRODUCTS_DIR; };
		18CD14D81CC0F0DB00A213F6 /* HelloWorldUITests.m */ = {isa = PBXFileReference; lastKnownFileType = sourcecode.c.objc; path = HelloWorldUITests.m; sourceTree = "<group>"; };
		18CD14DA1CC0F0DB00A213F6 /* Info.plist */ = {isa = PBXFileReference; lastKnownFileType = text.plist.xml; path = Info.plist; sourceTree = "<group>"; };
		18CD14E61CC0F44400A213F6 /* LoginViewController.h */ = {isa = PBXFileReference; fileEncoding = 4; lastKnownFileType = sourcecode.c.h; name = LoginViewController.h; path = HelloWorld/LoginViewController.h; sourceTree = "<group>"; };
		18CD14E71CC0F44400A213F6 /* LoginViewController.m */ = {isa = PBXFileReference; fileEncoding = 4; lastKnownFileType = sourcecode.c.objc; name = LoginViewController.m; path = HelloWorld/LoginViewController.m; sourceTree = "<group>"; };
		18CD14E81CC0F44400A213F6 /* LoginViewController.xib */ = {isa = PBXFileReference; fileEncoding = 4; lastKnownFileType = file.xib; name = LoginViewController.xib; path = HelloWorld/LoginViewController.xib; sourceTree = "<group>"; };
		18E400081CD1BABD00D04578 /* home_selected@2x.png */ = {isa = PBXFileReference; lastKnownFileType = image.png; path = "home_selected@2x.png"; sourceTree = "<group>"; };
		18E400091CD1BABD00D04578 /* home_selected@3x.png */ = {isa = PBXFileReference; lastKnownFileType = image.png; path = "home_selected@3x.png"; sourceTree = "<group>"; };
		18E4000A1CD1BABD00D04578 /* home@2x.png */ = {isa = PBXFileReference; lastKnownFileType = image.png; path = "home@2x.png"; sourceTree = "<group>"; };
		18E4000B1CD1BABD00D04578 /* home@3x.png */ = {isa = PBXFileReference; lastKnownFileType = image.png; path = "home@3x.png"; sourceTree = "<group>"; };
		18E4000C1CD1BABD00D04578 /* location_selected@2x.png */ = {isa = PBXFileReference; lastKnownFileType = image.png; path = "location_selected@2x.png"; sourceTree = "<group>"; };
		18E4000D1CD1BABD00D04578 /* location_selected@3x.png */ = {isa = PBXFileReference; lastKnownFileType = image.png; path = "location_selected@3x.png"; sourceTree = "<group>"; };
		18E4000E1CD1BABD00D04578 /* location@2x.png */ = {isa = PBXFileReference; lastKnownFileType = image.png; path = "location@2x.png"; sourceTree = "<group>"; };
		18E4000F1CD1BABD00D04578 /* location@3x.png */ = {isa = PBXFileReference; lastKnownFileType = image.png; path = "location@3x.png"; sourceTree = "<group>"; };
		18E4001B1CD1F3F400D04578 /* HomeTabViewController.h */ = {isa = PBXFileReference; fileEncoding = 4; lastKnownFileType = sourcecode.c.h; path = HomeTabViewController.h; sourceTree = "<group>"; };
		18E4001C1CD1F3F400D04578 /* HomeTabViewController.m */ = {isa = PBXFileReference; fileEncoding = 4; lastKnownFileType = sourcecode.c.objc; path = HomeTabViewController.m; sourceTree = "<group>"; };
		18E4001D1CD1F3F400D04578 /* HomeTabViewController.xib */ = {isa = PBXFileReference; fileEncoding = 4; lastKnownFileType = file.xib; path = HomeTabViewController.xib; sourceTree = "<group>"; };
		18E400201CD1FCE700D04578 /* MeiDetailViewController.h */ = {isa = PBXFileReference; fileEncoding = 4; lastKnownFileType = sourcecode.c.h; path = MeiDetailViewController.h; sourceTree = "<group>"; };
		18E400211CD1FCE700D04578 /* MeiDetailViewController.m */ = {isa = PBXFileReference; fileEncoding = 4; lastKnownFileType = sourcecode.c.objc; path = MeiDetailViewController.m; sourceTree = "<group>"; };
		18E400221CD1FCE700D04578 /* MeiDetailViewController.xib */ = {isa = PBXFileReference; fileEncoding = 4; lastKnownFileType = file.xib; path = MeiDetailViewController.xib; sourceTree = "<group>"; };
		18E400281CD2116300D04578 /* OtherViewController.h */ = {isa = PBXFileReference; fileEncoding = 4; lastKnownFileType = sourcecode.c.h; path = OtherViewController.h; sourceTree = "<group>"; };
		18E400291CD2116300D04578 /* OtherViewController.m */ = {isa = PBXFileReference; fileEncoding = 4; lastKnownFileType = sourcecode.c.objc; path = OtherViewController.m; sourceTree = "<group>"; };
		18E4002A1CD2116300D04578 /* OtherViewController.xib */ = {isa = PBXFileReference; fileEncoding = 4; lastKnownFileType = file.xib; path = OtherViewController.xib; sourceTree = "<group>"; };
		18E4002D1CD219C900D04578 /* WelcomeViewController.h */ = {isa = PBXFileReference; fileEncoding = 4; lastKnownFileType = sourcecode.c.h; path = WelcomeViewController.h; sourceTree = "<group>"; };
		18E4002E1CD219C900D04578 /* WelcomeViewController.m */ = {isa = PBXFileReference; fileEncoding = 4; lastKnownFileType = sourcecode.c.objc; path = WelcomeViewController.m; sourceTree = "<group>"; };
		18E4002F1CD219C900D04578 /* WelcomeViewController.xib */ = {isa = PBXFileReference; fileEncoding = 4; lastKnownFileType = file.xib; path = WelcomeViewController.xib; sourceTree = "<group>"; };
		18E400321CD21C0E00D04578 /* qq_luancher.jpeg */ = {isa = PBXFileReference; lastKnownFileType = image.jpeg; path = qq_luancher.jpeg; sourceTree = "<group>"; };
		18E4FFE71CD0AE9300D04578 /* wel.jpg */ = {isa = PBXFileReference; lastKnownFileType = image.jpeg; path = wel.jpg; sourceTree = "<group>"; };
		18E4FFE91CD0B1A700D04578 /* CarViewController.h */ = {isa = PBXFileReference; fileEncoding = 4; lastKnownFileType = sourcecode.c.h; path = CarViewController.h; sourceTree = "<group>"; };
		18E4FFEA1CD0B1A700D04578 /* CarViewController.m */ = {isa = PBXFileReference; fileEncoding = 4; lastKnownFileType = sourcecode.c.objc; path = CarViewController.m; sourceTree = "<group>"; };
		18E4FFEB1CD0B1A700D04578 /* CarViewController.xib */ = {isa = PBXFileReference; fileEncoding = 4; lastKnownFileType = file.xib; path = CarViewController.xib; sourceTree = "<group>"; };
		18E4FFEE1CD0B1CC00D04578 /* MeiViewController.h */ = {isa = PBXFileReference; fileEncoding = 4; lastKnownFileType = sourcecode.c.h; path = MeiViewController.h; sourceTree = "<group>"; };
		18E4FFEF1CD0B1CC00D04578 /* MeiViewController.m */ = {isa = PBXFileReference; fileEncoding = 4; lastKnownFileType = sourcecode.c.objc; path = MeiViewController.m; sourceTree = "<group>"; };
		18E4FFF01CD0B1CC00D04578 /* MeiViewController.xib */ = {isa = PBXFileReference; fileEncoding = 4; lastKnownFileType = file.xib; path = MeiViewController.xib; sourceTree = "<group>"; };
		18E4FFF31CD0CCE800D04578 /* CarDetailViewController.h */ = {isa = PBXFileReference; fileEncoding = 4; lastKnownFileType = sourcecode.c.h; path = CarDetailViewController.h; sourceTree = "<group>"; };
		18E4FFF41CD0CCE900D04578 /* CarDetailViewController.m */ = {isa = PBXFileReference; fileEncoding = 4; lastKnownFileType = sourcecode.c.objc; path = CarDetailViewController.m; sourceTree = "<group>"; };
		18E4FFF51CD0CCE900D04578 /* CarDetailViewController.xib */ = {isa = PBXFileReference; fileEncoding = 4; lastKnownFileType = file.xib; path = CarDetailViewController.xib; sourceTree = "<group>"; };
/* End PBXFileReference section */

/* Begin PBXFrameworksBuildPhase section */
		18CD14AD1CC0F0DA00A213F6 /* Frameworks */ = {
			isa = PBXFrameworksBuildPhase;
			buildActionMask = 2147483647;
			files = (
			);
			runOnlyForDeploymentPostprocessing = 0;
		};
		18CD14C61CC0F0DB00A213F6 /* Frameworks */ = {
			isa = PBXFrameworksBuildPhase;
			buildActionMask = 2147483647;
			files = (
			);
			runOnlyForDeploymentPostprocessing = 0;
		};
		18CD14D11CC0F0DB00A213F6 /* Frameworks */ = {
			isa = PBXFrameworksBuildPhase;
			buildActionMask = 2147483647;
			files = (
			);
			runOnlyForDeploymentPostprocessing = 0;
		};
/* End PBXFrameworksBuildPhase section */

/* Begin PBXGroup section */
		18CD14A71CC0F0DA00A213F6 = {
			isa = PBXGroup;
			children = (
				18E4FFF81CD0CD0C00D04578 /* App */,
				18E4FFE61CD0AE7F00D04578 /* images */,
				18CD14B21CC0F0DA00A213F6 /* HelloWorld */,
				18CD14CC1CC0F0DB00A213F6 /* HelloWorldTests */,
				18CD14D71CC0F0DB00A213F6 /* HelloWorldUITests */,
				18CD14B11CC0F0DA00A213F6 /* Products */,
			);
			sourceTree = "<group>";
		};
		18CD14B11CC0F0DA00A213F6 /* Products */ = {
			isa = PBXGroup;
			children = (
				18CD14B01CC0F0DA00A213F6 /* HelloWorld.app */,
				18CD14C91CC0F0DB00A213F6 /* HelloWorldTests.xctest */,
				18CD14D41CC0F0DB00A213F6 /* HelloWorldUITests.xctest */,
			);
			name = Products;
			sourceTree = "<group>";
		};
		18CD14B21CC0F0DA00A213F6 /* HelloWorld */ = {
			isa = PBXGroup;
			children = (
				18CD14B61CC0F0DA00A213F6 /* AppDelegate.h */,
				18CD14B71CC0F0DA00A213F6 /* AppDelegate.m */,
				18CD14B91CC0F0DA00A213F6 /* ViewController.h */,
				18CD14BA1CC0F0DA00A213F6 /* ViewController.m */,
				18CD14BC1CC0F0DA00A213F6 /* Main.storyboard */,
				18CD14BF1CC0F0DA00A213F6 /* Assets.xcassets */,
				18CD14C11CC0F0DA00A213F6 /* LaunchScreen.storyboard */,
				18CD14C41CC0F0DA00A213F6 /* Info.plist */,
				18CD14B31CC0F0DA00A213F6 /* Supporting Files */,
			);
			path = HelloWorld;
			sourceTree = "<group>";
		};
		18CD14B31CC0F0DA00A213F6 /* Supporting Files */ = {
			isa = PBXGroup;
			children = (
				18CD14B41CC0F0DA00A213F6 /* main.m */,
			);
			name = "Supporting Files";
			sourceTree = "<group>";
		};
		18CD14CC1CC0F0DB00A213F6 /* HelloWorldTests */ = {
			isa = PBXGroup;
			children = (
				18CD14CD1CC0F0DB00A213F6 /* HelloWorldTests.m */,
				18CD14CF1CC0F0DB00A213F6 /* Info.plist */,
			);
			path = HelloWorldTests;
			sourceTree = "<group>";
		};
		18CD14D71CC0F0DB00A213F6 /* HelloWorldUITests */ = {
			isa = PBXGroup;
			children = (
				18CD14D81CC0F0DB00A213F6 /* HelloWorldUITests.m */,
				18CD14DA1CC0F0DB00A213F6 /* Info.plist */,
			);
			path = HelloWorldUITests;
			sourceTree = "<group>";
		};
		18E400251CD2029300D04578 /* Passport */ = {
			isa = PBXGroup;
			children = (
				18CD14E61CC0F44400A213F6 /* LoginViewController.h */,
				18CD14E71CC0F44400A213F6 /* LoginViewController.m */,
				18CD14E81CC0F44400A213F6 /* LoginViewController.xib */,
				18E4002D1CD219C900D04578 /* WelcomeViewController.h */,
				18E4002E1CD219C900D04578 /* WelcomeViewController.m */,
				18E4002F1CD219C900D04578 /* WelcomeViewController.xib */,
			);
			name = Passport;
			sourceTree = "<group>";
		};
		18E400261CD2103D00D04578 /* Car */ = {
			isa = PBXGroup;
			children = (
				18E4FFE91CD0B1A700D04578 /* CarViewController.h */,
				18E4FFEA1CD0B1A700D04578 /* CarViewController.m */,
				18E4FFEB1CD0B1A700D04578 /* CarViewController.xib */,
				18E4FFF31CD0CCE800D04578 /* CarDetailViewController.h */,
				18E4FFF41CD0CCE900D04578 /* CarDetailViewController.m */,
				18E4FFF51CD0CCE900D04578 /* CarDetailViewController.xib */,
			);
			name = Car;
			sourceTree = "<group>";
		};
		18E400271CD2104500D04578 /* Mei */ = {
			isa = PBXGroup;
			children = (
				18E4FFEE1CD0B1CC00D04578 /* MeiViewController.h */,
				18E4FFEF1CD0B1CC00D04578 /* MeiViewController.m */,
				18E4FFF01CD0B1CC00D04578 /* MeiViewController.xib */,
				18E400201CD1FCE700D04578 /* MeiDetailViewController.h */,
				18E400211CD1FCE700D04578 /* MeiDetailViewController.m */,
				18E400221CD1FCE700D04578 /* MeiDetailViewController.xib */,
			);
			name = Mei;
			sourceTree = "<group>";
		};
		18E4FFE61CD0AE7F00D04578 /* images */ = {
			isa = PBXGroup;
			children = (
				18E400321CD21C0E00D04578 /* qq_luancher.jpeg */,
				18E400081CD1BABD00D04578 /* home_selected@2x.png */,
				18E400091CD1BABD00D04578 /* home_selected@3x.png */,
				18E4000A1CD1BABD00D04578 /* home@2x.png */,
				18E4000B1CD1BABD00D04578 /* home@3x.png */,
				18E4000C1CD1BABD00D04578 /* location_selected@2x.png */,
				18E4000D1CD1BABD00D04578 /* location_selected@3x.png */,
				18E4000E1CD1BABD00D04578 /* location@2x.png */,
				18E4000F1CD1BABD00D04578 /* location@3x.png */,
				18E4FFE71CD0AE9300D04578 /* wel.jpg */,
			);
			name = images;
			sourceTree = "<group>";
		};
		18E4FFF81CD0CD0C00D04578 /* App */ = {
			isa = PBXGroup;
			children = (
				18E400271CD2104500D04578 /* Mei */,
				18E400261CD2103D00D04578 /* Car */,
				18E400251CD2029300D04578 /* Passport */,
				18E4001B1CD1F3F400D04578 /* HomeTabViewController.h */,
				18E4001C1CD1F3F400D04578 /* HomeTabViewController.m */,
				18E4001D1CD1F3F400D04578 /* HomeTabViewController.xib */,
				18E400281CD2116300D04578 /* OtherViewController.h */,
				18E400291CD2116300D04578 /* OtherViewController.m */,
				18E4002A1CD2116300D04578 /* OtherViewController.xib */,
			);
			name = App;
			sourceTree = "<group>";
		};
/* End PBXGroup section */

/* Begin PBXNativeTarget section */
		18CD14AF1CC0F0DA00A213F6 /* HelloWorld */ = {
			isa = PBXNativeTarget;
			buildConfigurationList = 18CD14DD1CC0F0DB00A213F6 /* Build configuration list for PBXNativeTarget "HelloWorld" */;
			buildPhases = (
				18CD14AC1CC0F0DA00A213F6 /* Sources */,
				18CD14AD1CC0F0DA00A213F6 /* Frameworks */,
				18CD14AE1CC0F0DA00A213F6 /* Resources */,
			);
			buildRules = (
			);
			dependencies = (
			);
			name = HelloWorld;
			productName = HelloWorld;
			productReference = 18CD14B01CC0F0DA00A213F6 /* HelloWorld.app */;
			productType = "com.apple.product-type.application";
		};
		18CD14C81CC0F0DB00A213F6 /* HelloWorldTests */ = {
			isa = PBXNativeTarget;
			buildConfigurationList = 18CD14E01CC0F0DB00A213F6 /* Build configuration list for PBXNativeTarget "HelloWorldTests" */;
			buildPhases = (
				18CD14C51CC0F0DB00A213F6 /* Sources */,
				18CD14C61CC0F0DB00A213F6 /* Frameworks */,
				18CD14C71CC0F0DB00A213F6 /* Resources */,
			);
			buildRules = (
			);
			dependencies = (
				18CD14CB1CC0F0DB00A213F6 /* PBXTargetDependency */,
			);
			name = HelloWorldTests;
			productName = HelloWorldTests;
			productReference = 18CD14C91CC0F0DB00A213F6 /* HelloWorldTests.xctest */;
			productType = "com.apple.product-type.bundle.unit-test";
		};
		18CD14D31CC0F0DB00A213F6 /* HelloWorldUITests */ = {
			isa = PBXNativeTarget;
			buildConfigurationList = 18CD14E31CC0F0DB00A213F6 /* Build configuration list for PBXNativeTarget "HelloWorldUITests" */;
			buildPhases = (
				18CD14D01CC0F0DB00A213F6 /* Sources */,
				18CD14D11CC0F0DB00A213F6 /* Frameworks */,
				18CD14D21CC0F0DB00A213F6 /* Resources */,
			);
			buildRules = (
			);
			dependencies = (
				18CD14D61CC0F0DB00A213F6 /* PBXTargetDependency */,
			);
			name = HelloWorldUITests;
			productName = HelloWorldUITests;
			productReference = 18CD14D41CC0F0DB00A213F6 /* HelloWorldUITests.xctest */;
			productType = "com.apple.product-type.bundle.ui-testing";
		};
/* End PBXNativeTarget section */

/* Begin PBXProject section */
		18CD14A81CC0F0DA00A213F6 /* Project object */ = {
			isa = PBXProject;
			attributes = {
				LastUpgradeCheck = 0730;
				ORGANIZATIONNAME = tlblios;
				TargetAttributes = {
					18CD14AF1CC0F0DA00A213F6 = {
						CreatedOnToolsVersion = 7.3;
					};
					18CD14C81CC0F0DB00A213F6 = {
						CreatedOnToolsVersion = 7.3;
						TestTargetID = 18CD14AF1CC0F0DA00A213F6;
					};
					18CD14D31CC0F0DB00A213F6 = {
						CreatedOnToolsVersion = 7.3;
						TestTargetID = 18CD14AF1CC0F0DA00A213F6;
					};
				};
			};
			buildConfigurationList = 18CD14AB1CC0F0DA00A213F6 /* Build configuration list for PBXProject "HelloWorld" */;
			compatibilityVersion = "Xcode 3.2";
			developmentRegion = English;
			hasScannedForEncodings = 0;
			knownRegions = (
				en,
				Base,
			);
			mainGroup = 18CD14A71CC0F0DA00A213F6;
			productRefGroup = 18CD14B11CC0F0DA00A213F6 /* Products */;
			projectDirPath = "";
			projectRoot = "";
			targets = (
				18CD14AF1CC0F0DA00A213F6 /* HelloWorld */,
				18CD14C81CC0F0DB00A213F6 /* HelloWorldTests */,
				18CD14D31CC0F0DB00A213F6 /* HelloWorldUITests */,
			);
		};
/* End PBXProject section */

/* Begin PBXResourcesBuildPhase section */
		18CD14AE1CC0F0DA00A213F6 /* Resources */ = {
			isa = PBXResourcesBuildPhase;
			buildActionMask = 2147483647;
			files = (
				18E400331CD21C0E00D04578 /* qq_luancher.jpeg in Resources */,
				18E4FFF21CD0B1CC00D04578 /* MeiViewController.xib in Resources */,
				18E4FFE81CD0AE9300D04578 /* wel.jpg in Resources */,
				18E4FFED1CD0B1A700D04578 /* CarViewController.xib in Resources */,
				18E400151CD1BABD00D04578 /* location_selected@3x.png in Resources */,
				18CD14EA1CC0F44400A213F6 /* LoginViewController.xib in Resources */,
				18E400311CD219C900D04578 /* WelcomeViewController.xib in Resources */,
				18E4001F1CD1F3F400D04578 /* HomeTabViewController.xib in Resources */,
				18E400161CD1BABD00D04578 /* location@2x.png in Resources */,
				18CD14C31CC0F0DA00A213F6 /* LaunchScreen.storyboard in Resources */,
				18E400171CD1BABD00D04578 /* location@3x.png in Resources */,
				18E400121CD1BABD00D04578 /* home@2x.png in Resources */,
				18E4FFF71CD0CCE900D04578 /* CarDetailViewController.xib in Resources */,
				18E400111CD1BABD00D04578 /* home_selected@3x.png in Resources */,
				18CD14C01CC0F0DA00A213F6 /* Assets.xcassets in Resources */,
				18E400141CD1BABD00D04578 /* location_selected@2x.png in Resources */,
				18E400131CD1BABD00D04578 /* home@3x.png in Resources */,
				18E4002C1CD2116300D04578 /* OtherViewController.xib in Resources */,
				18E400241CD1FCE700D04578 /* MeiDetailViewController.xib in Resources */,
				18E400101CD1BABD00D04578 /* home_selected@2x.png in Resources */,
				18CD14BE1CC0F0DA00A213F6 /* Main.storyboard in Resources */,
			);
			runOnlyForDeploymentPostprocessing = 0;
		};
		18CD14C71CC0F0DB00A213F6 /* Resources */ = {
			isa = PBXResourcesBuildPhase;
			buildActionMask = 2147483647;
			files = (
			);
			runOnlyForDeploymentPostprocessing = 0;
		};
		18CD14D21CC0F0DB00A213F6 /* Resources */ = {
			isa = PBXResourcesBuildPhase;
			buildActionMask = 2147483647;
			files = (
			);
			runOnlyForDeploymentPostprocessing = 0;
		};
/* End PBXResourcesBuildPhase section */

/* Begin PBXSourcesBuildPhase section */
		18CD14AC1CC0F0DA00A213F6 /* Sources */ = {
			isa = PBXSourcesBuildPhase;
			buildActionMask = 2147483647;
			files = (
				18E400231CD1FCE700D04578 /* MeiDetailViewController.m in Sources */,
				18E4002B1CD2116300D04578 /* OtherViewController.m in Sources */,
				18CD14E91CC0F44400A213F6 /* LoginViewController.m in Sources */,
				18E4FFF11CD0B1CC00D04578 /* MeiViewController.m in Sources */,
				18E4FFEC1CD0B1A700D04578 /* CarViewController.m in Sources */,
				18CD14BB1CC0F0DA00A213F6 /* ViewController.m in Sources */,
				18E400301CD219C900D04578 /* WelcomeViewController.m in Sources */,
				18E4FFF61CD0CCE900D04578 /* CarDetailViewController.m in Sources */,
				18CD14B81CC0F0DA00A213F6 /* AppDelegate.m in Sources */,
				18CD14B51CC0F0DA00A213F6 /* main.m in Sources */,
				18E4001E1CD1F3F400D04578 /* HomeTabViewController.m in Sources */,
			);
			runOnlyForDeploymentPostprocessing = 0;
		};
		18CD14C51CC0F0DB00A213F6 /* Sources */ = {
			isa = PBXSourcesBuildPhase;
			buildActionMask = 2147483647;
			files = (
				18CD14CE1CC0F0DB00A213F6 /* HelloWorldTests.m in Sources */,
			);
			runOnlyForDeploymentPostprocessing = 0;
		};
		18CD14D01CC0F0DB00A213F6 /* Sources */ = {
			isa = PBXSourcesBuildPhase;
			buildActionMask = 2147483647;
			files = (
				18CD14D91CC0F0DB00A213F6 /* HelloWorldUITests.m in Sources */,
			);
			runOnlyForDeploymentPostprocessing = 0;
		};
/* End PBXSourcesBuildPhase section */

/* Begin PBXTargetDependency section */
		18CD14CB1CC0F0DB00A213F6 /* PBXTargetDependency */ = {
			isa = PBXTargetDependency;
			target = 18CD14AF1CC0F0DA00A213F6 /* HelloWorld */;
			targetProxy = 18CD14CA1CC0F0DB00A213F6 /* PBXContainerItemProxy */;
		};
		18CD14D61CC0F0DB00A213F6 /* PBXTargetDependency */ = {
			isa = PBXTargetDependency;
			target = 18CD14AF1CC0F0DA00A213F6 /* HelloWorld */;
			targetProxy = 18CD14D51CC0F0DB00A213F6 /* PBXContainerItemProxy */;
		};
/* End PBXTargetDependency section */

/* Begin PBXVariantGroup section */
		18CD14BC1CC0F0DA00A213F6 /* Main.storyboard */ = {
			isa = PBXVariantGroup;
			children = (
				18CD14BD1CC0F0DA00A213F6 /* Base */,
			);
			name = Main.storyboard;
			sourceTree = "<group>";
		};
		18CD14C11CC0F0DA00A213F6 /* LaunchScreen.storyboard */ = {
			isa = PBXVariantGroup;
			children = (
				18CD14C21CC0F0DA00A213F6 /* Base */,
			);
			name = LaunchScreen.storyboard;
			sourceTree = "<group>";
		};
/* End PBXVariantGroup section */

/* Begin XCBuildConfiguration section */
		18CD14DB1CC0F0DB00A213F6 /* Debug */ = {
			isa = XCBuildConfiguration;
			buildSettings = {
				ALWAYS_SEARCH_USER_PATHS = NO;
				CLANG_ANALYZER_NONNULL = YES;
				CLANG_CXX_LANGUAGE_STANDARD = "gnu++0x";
				CLANG_CXX_LIBRARY = "libc++";
				CLANG_ENABLE_MODULES = YES;
				CLANG_ENABLE_OBJC_ARC = YES;
				CLANG_WARN_BOOL_CONVERSION = YES;
				CLANG_WARN_CONSTANT_CONVERSION = YES;
				CLANG_WARN_DIRECT_OBJC_ISA_USAGE = YES_ERROR;
				CLANG_WARN_EMPTY_BODY = YES;
				CLANG_WARN_ENUM_CONVERSION = YES;
				CLANG_WARN_INT_CONVERSION = YES;
				CLANG_WARN_OBJC_ROOT_CLASS = YES_ERROR;
				CLANG_WARN_UNREACHABLE_CODE = YES;
				CLANG_WARN__DUPLICATE_METHOD_MATCH = YES;
				"CODE_SIGN_IDENTITY[sdk=iphoneos*]" = "iPhone Developer";
				COPY_PHASE_STRIP = NO;
				DEBUG_INFORMATION_FORMAT = dwarf;
				ENABLE_STRICT_OBJC_MSGSEND = YES;
				ENABLE_TESTABILITY = YES;
				GCC_C_LANGUAGE_STANDARD = gnu99;
				GCC_DYNAMIC_NO_PIC = NO;
				GCC_NO_COMMON_BLOCKS = YES;
				GCC_OPTIMIZATION_LEVEL = 0;
				GCC_PREPROCESSOR_DEFINITIONS = (
					"DEBUG=1",
					"$(inherited)",
				);
				GCC_WARN_64_TO_32_BIT_CONVERSION = YES;
				GCC_WARN_ABOUT_RETURN_TYPE = YES_ERROR;
				GCC_WARN_UNDECLARED_SELECTOR = YES;
				GCC_WARN_UNINITIALIZED_AUTOS = YES_AGGRESSIVE;
				GCC_WARN_UNUSED_FUNCTION = YES;
				GCC_WARN_UNUSED_VARIABLE = YES;
				IPHONEOS_DEPLOYMENT_TARGET = 9.3;
				MTL_ENABLE_DEBUG_INFO = YES;
				ONLY_ACTIVE_ARCH = YES;
				SDKROOT = iphoneos;
			};
			name = Debug;
		};
		18CD14DC1CC0F0DB00A213F6 /* Release */ = {
			isa = XCBuildConfiguration;
			buildSettings = {
				ALWAYS_SEARCH_USER_PATHS = NO;
				CLANG_ANALYZER_NONNULL = YES;
				CLANG_CXX_LANGUAGE_STANDARD = "gnu++0x";
				CLANG_CXX_LIBRARY = "libc++";
				CLANG_ENABLE_MODULES = YES;
				CLANG_ENABLE_OBJC_ARC = YES;
				CLANG_WARN_BOOL_CONVERSION = YES;
				CLANG_WARN_CONSTANT_CONVERSION = YES;
				CLANG_WARN_DIRECT_OBJC_ISA_USAGE = YES_ERROR;
				CLANG_WARN_EMPTY_BODY = YES;
				CLANG_WARN_ENUM_CONVERSION = YES;
				CLANG_WARN_INT_CONVERSION = YES;
				CLANG_WARN_OBJC_ROOT_CLASS = YES_ERROR;
				CLANG_WARN_UNREACHABLE_CODE = YES;
				CLANG_WARN__DUPLICATE_METHOD_MATCH = YES;
				"CODE_SIGN_IDENTITY[sdk=iphoneos*]" = "iPhone Developer";
				COPY_PHASE_STRIP = NO;
				DEBUG_INFORMATION_FORMAT = "dwarf-with-dsym";
				ENABLE_NS_ASSERTIONS = NO;
				ENABLE_STRICT_OBJC_MSGSEND = YES;
				GCC_C_LANGUAGE_STANDARD = gnu99;
				GCC_NO_COMMON_BLOCKS = YES;
				GCC_WARN_64_TO_32_BIT_CONVERSION = YES;
				GCC_WARN_ABOUT_RETURN_TYPE = YES_ERROR;
				GCC_WARN_UNDECLARED_SELECTOR = YES;
				GCC_WARN_UNINITIALIZED_AUTOS = YES_AGGRESSIVE;
				GCC_WARN_UNUSED_FUNCTION = YES;
				GCC_WARN_UNUSED_VARIABLE = YES;
				IPHONEOS_DEPLOYMENT_TARGET = 9.3;
				MTL_ENABLE_DEBUG_INFO = NO;
				SDKROOT = iphoneos;
				VALIDATE_PRODUCT = YES;
			};
			name = Release;
		};
		18CD14DE1CC0F0DB00A213F6 /* Debug */ = {
			isa = XCBuildConfiguration;
			buildSettings = {
				ASSETCATALOG_COMPILER_APPICON_NAME = AppIcon;
				INFOPLIST_FILE = HelloWorld/Info.plist;
				LD_RUNPATH_SEARCH_PATHS = "$(inherited) @executable_path/Frameworks";
				PRODUCT_BUNDLE_IDENTIFIER = com.tlblios.HelloWorld;
				PRODUCT_NAME = "$(TARGET_NAME)";
			};
			name = Debug;
		};
		18CD14DF1CC0F0DB00A213F6 /* Release */ = {
			isa = XCBuildConfiguration;
			buildSettings = {
				ASSETCATALOG_COMPILER_APPICON_NAME = AppIcon;
				INFOPLIST_FILE = HelloWorld/Info.plist;
				LD_RUNPATH_SEARCH_PATHS = "$(inherited) @executable_path/Frameworks";
				PRODUCT_BUNDLE_IDENTIFIER = com.tlblios.HelloWorld;
				PRODUCT_NAME = "$(TARGET_NAME)";
			};
			name = Release;
		};
		18CD14E11CC0F0DB00A213F6 /* Debug */ = {
			isa = XCBuildConfiguration;
			buildSettings = {
				BUNDLE_LOADER = "$(TEST_HOST)";
				INFOPLIST_FILE = HelloWorldTests/Info.plist;
				LD_RUNPATH_SEARCH_PATHS = "$(inherited) @executable_path/Frameworks @loader_path/Frameworks";
				PRODUCT_BUNDLE_IDENTIFIER = com.tlblios.HelloWorldTests;
				PRODUCT_NAME = "$(TARGET_NAME)";
				TEST_HOST = "$(BUILT_PRODUCTS_DIR)/HelloWorld.app/HelloWorld";
			};
			name = Debug;
		};
		18CD14E21CC0F0DB00A213F6 /* Release */ = {
			isa = XCBuildConfiguration;
			buildSettings = {
				BUNDLE_LOADER = "$(TEST_HOST)";
				INFOPLIST_FILE = HelloWorldTests/Info.plist;
				LD_RUNPATH_SEARCH_PATHS = "$(inherited) @executable_path/Frameworks @loader_path/Frameworks";
				PRODUCT_BUNDLE_IDENTIFIER = com.tlblios.HelloWorldTests;
				PRODUCT_NAME = "$(TARGET_NAME)";
				TEST_HOST = "$(BUILT_PRODUCTS_DIR)/HelloWorld.app/HelloWorld";
			};
			name = Release;
		};
		18CD14E41CC0F0DB00A213F6 /* Debug */ = {
			isa = XCBuildConfiguration;
			buildSettings = {
				INFOPLIST_FILE = HelloWorldUITests/Info.plist;
				LD_RUNPATH_SEARCH_PATHS = "$(inherited) @executable_path/Frameworks @loader_path/Frameworks";
				PRODUCT_BUNDLE_IDENTIFIER = com.tlblios.HelloWorldUITests;
				PRODUCT_NAME = "$(TARGET_NAME)";
				TEST_TARGET_NAME = HelloWorld;
			};
			name = Debug;
		};
		18CD14E51CC0F0DB00A213F6 /* Release */ = {
			isa = XCBuildConfiguration;
			buildSettings = {
				INFOPLIST_FILE = HelloWorldUITests/Info.plist;
				LD_RUNPATH_SEARCH_PATHS = "$(inherited) @executable_path/Frameworks @loader_path/Frameworks";
				PRODUCT_BUNDLE_IDENTIFIER = com.tlblios.HelloWorldUITests;
				PRODUCT_NAME = "$(TARGET_NAME)";
				TEST_TARGET_NAME = HelloWorld;
			};
			name = Release;
		};
/* End XCBuildConfiguration section */

/* Begin XCConfigurationList section */
		18CD14AB1CC0F0DA00A213F6 /* Build configuration list for PBXProject "HelloWorld" */ = {
			isa = XCConfigurationList;
			buildConfigurations = (
				18CD14DB1CC0F0DB00A213F6 /* Debug */,
				18CD14DC1CC0F0DB00A213F6 /* Release */,
			);
			defaultConfigurationIsVisible = 0;
			defaultConfigurationName = Release;
		};
		18CD14DD1CC0F0DB00A213F6 /* Build configuration list for PBXNativeTarget "HelloWorld" */ = {
			isa = XCConfigurationList;
			buildConfigurations = (
				18CD14DE1CC0F0DB00A213F6 /* Debug */,
				18CD14DF1CC0F0DB00A213F6 /* Release */,
			);
			defaultConfigurationIsVisible = 0;
			defaultConfigurationName = Release;
		};
		18CD14E01CC0F0DB00A213F6 /* Build configuration list for PBXNativeTarget "HelloWorldTests" */ = {
			isa = XCConfigurationList;
			buildConfigurations = (
				18CD14E11CC0F0DB00A213F6 /* Debug */,
				18CD14E21CC0F0DB00A213F6 /* Release */,
			);
			defaultConfigurationIsVisible = 0;
			defaultConfigurationName = Release;
		};
		18CD14E31CC0F0DB00A213F6 /* Build configuration list for PBXNativeTarget "HelloWorldUITests" */ = {
			isa = XCConfigurationList;
			buildConfigurations = (
				18CD14E41CC0F0DB00A213F6 /* Debug */,
				18CD14E51CC0F0DB00A213F6 /* Release */,
			);
			defaultConfigurationIsVisible = 0;
			defaultConfigurationName = Release;
		};
/* End XCConfigurationList section */
	};
	rootObject = 18CD14A81CC0F0DA00A213F6 /* Project object */;
}
